
Microsoft Visual Studio Solution File, Format Version 12.00
# Visual Studio Version 17
VisualStudioVersion = 17.1.32328.378
MinimumVisualStudioVersion = 10.0.40219.1
Project("{FAE04EC0-301F-11D3-BF4B-00C04F79EFBC}") = "WindowsFormsApp1", "WindowsFormsApp1\WindowsFormsApp1.csproj", "{A9E28DA5-F5DA-4BA3-9498-AE64DB2D2CFE}"
EndProject
Global
	GlobalSection(SolutionConfigurationPlatforms) = preSolution
		Debug|Any CPU = Debug|Any CPU
		Release|Any CPU = Release|Any CPU
	EndGlobalSection
	GlobalSection(ProjectConfigurationPlatforms) = postSolution
		{A9E28DA5-F5DA-4BA3-9498-AE64DB2D2CFE}.Debug|Any CPU.ActiveCfg = Debug|Any CPU
		{A9E28DA5-F5DA-4BA3-9498-AE64DB2D2CFE}.Debug|Any CPU.Build.0 = Debug|Any CPU
		{A9E28DA5-F5DA-4BA3-9498-AE64DB2D2CFE}.Release|Any CPU.ActiveCfg = Release|Any CPU
		{A9E28DA5-F5DA-4BA3-9498-AE64DB2D2CFE}.Release|Any CPU.Build.0 = Release|Any CPU
	EndGlobalSection
	GlobalSection(SolutionProperties) = preSolution
		HideSolutionNode = FALSE
	EndGlobalSection
	GlobalSection(ExtensibilityGlobals) = postSolution
		SolutionGuid = {9622AEF2-088C-4127-A89D-208B1BC3DA6D}
	EndGlobalSection
EndGlobal
